
Microsoft Visual Studio Solution File, Format Version 12.00
# Visual Studio Version 17
VisualStudioVersion = 17.9.34616.47
MinimumVisualStudioVersion = 10.0.40219.1
Project("{FAE04EC0-301F-11D3-BF4B-00C04F79EFBC}") = "Lesson3.2", "Lesson3.2\Lesson3.2.csproj", "{1FC0779F-F142-4D57-A9D2-C86ED79BF56A}"
EndProject
Global
	GlobalSection(SolutionConfigurationPlatforms) = preSolution
		Debug|Any CPU = Debug|Any CPU
		Release|Any CPU = Release|Any CPU
	EndGlobalSection
	GlobalSection(ProjectConfigurationPlatforms) = postSolution
		{1FC0779F-F142-4D57-A9D2-C86ED79BF56A}.Debug|Any CPU.ActiveCfg = Debug|Any CPU
		{1FC0779F-F142-4D57-A9D2-C86ED79BF56A}.Debug|Any CPU.Build.0 = Debug|Any CPU
		{1FC0779F-F142-4D57-A9D2-C86ED79BF56A}.Release|Any CPU.ActiveCfg = Release|Any CPU
		{1FC0779F-F142-4D57-A9D2-C86ED79BF56A}.Release|Any CPU.Build.0 = Release|Any CPU
	EndGlobalSection
	GlobalSection(SolutionProperties) = preSolution
		HideSolutionNode = FALSE
	EndGlobalSection
	GlobalSection(ExtensibilityGlobals) = postSolution
		SolutionGuid = {9CCC2976-7037-4D83-8198-C1B20C99DBEB}
	EndGlobalSection
EndGlobal
